
Microsoft Visual Studio Solution File, Format Version 12.00
# Visual Studio Version 16
VisualStudioVersion = 16.0.32228.343
MinimumVisualStudioVersion = 10.0.40219.1
Project("{FAE04EC0-301F-11D3-BF4B-00C04F79EFBC}") = "Laptop Repair Services Management System", "Laptop Repair Services Management System.csproj", "{D3AEA69A-6F1F-4C2B-82F0-9CD0F1AE042F}"
EndProject
Global
	GlobalSection(SolutionConfigurationPlatforms) = preSolution
		Debug|Any CPU = Debug|Any CPU
		Release|Any CPU = Release|Any CPU
	EndGlobalSection
	GlobalSection(ProjectConfigurationPlatforms) = postSolution
		{D3AEA69A-6F1F-4C2B-82F0-9CD0F1AE042F}.Debug|Any CPU.ActiveCfg = Debug|Any CPU
		{D3AEA69A-6F1F-4C2B-82F0-9CD0F1AE042F}.Debug|Any CPU.Build.0 = Debug|Any CPU
		{D3AEA69A-6F1F-4C2B-82F0-9CD0F1AE042F}.Release|Any CPU.ActiveCfg = Release|Any CPU
		{D3AEA69A-6F1F-4C2B-82F0-9CD0F1AE042F}.Release|Any CPU.Build.0 = Release|Any CPU
	EndGlobalSection
	GlobalSection(SolutionProperties) = preSolution
		HideSolutionNode = FALSE
	EndGlobalSection
	GlobalSection(ExtensibilityGlobals) = postSolution
		SolutionGuid = {7F921BF5-9F53-4074-B28F-39CF20376A50}
	EndGlobalSection
EndGlobal
